{
  "name": "isdpi-palindrome-app",
  "version": "0.1.0",
  "lockfileVersion": 1,
  "requires": true,
  "dependencies": {
    "isdpi-palindrome": {
      "version": "0.1.0",
      "resolved": "https://registry.npmjs.org/isdpi-palindrome/-/isdpi-palindrome-0.1.0.tgz",
      "integrity": "sha512-hPQIsWPC9IRefTnX7NwFUrsGdvSKP9z3Q8hSjO20GuEjzJoqcvLcpy/zSr2fDHBOB4ioId+Y1tsVTNtJ4E5mzw=="
    }
  }
}
